
Microsoft Visual Studio Solution File, Format Version 12.00
# Visual Studio Version 16
VisualStudioVersion = 16.0.30503.244
MinimumVisualStudioVersion = 10.0.40219.1
Project("{FAE04EC0-301F-11D3-BF4B-00C04F79EFBC}") = "UserMaintenance", "UserMaintenance\UserMaintenance.csproj", "{74122A7D-344D-4945-9402-B890BE4253B9}"
EndProject
Project("{FAE04EC0-301F-11D3-BF4B-00C04F79EFBC}") = "Mikroszim", "Mikroszim\Mikroszim.csproj", "{C6675798-0F67-48F7-B33C-67D822713B39}"
EndProject
Project("{FAE04EC0-301F-11D3-BF4B-00C04F79EFBC}") = "week8", "week8\week8.csproj", "{2EAF6E7A-4FB7-446B-9BB5-9A5EB2403DA0}"
EndProject
Global
	GlobalSection(SolutionConfigurationPlatforms) = preSolution
		Debug|Any CPU = Debug|Any CPU
		Release|Any CPU = Release|Any CPU
	EndGlobalSection
	GlobalSection(ProjectConfigurationPlatforms) = postSolution
		{74122A7D-344D-4945-9402-B890BE4253B9}.Debug|Any CPU.ActiveCfg = Debug|Any CPU
		{74122A7D-344D-4945-9402-B890BE4253B9}.Debug|Any CPU.Build.0 = Debug|Any CPU
		{74122A7D-344D-4945-9402-B890BE4253B9}.Release|Any CPU.ActiveCfg = Release|Any CPU
		{74122A7D-344D-4945-9402-B890BE4253B9}.Release|Any CPU.Build.0 = Release|Any CPU
		{C6675798-0F67-48F7-B33C-67D822713B39}.Debug|Any CPU.ActiveCfg = Debug|Any CPU
		{C6675798-0F67-48F7-B33C-67D822713B39}.Debug|Any CPU.Build.0 = Debug|Any CPU
		{C6675798-0F67-48F7-B33C-67D822713B39}.Release|Any CPU.ActiveCfg = Release|Any CPU
		{C6675798-0F67-48F7-B33C-67D822713B39}.Release|Any CPU.Build.0 = Release|Any CPU
		{2EAF6E7A-4FB7-446B-9BB5-9A5EB2403DA0}.Debug|Any CPU.ActiveCfg = Debug|Any CPU
		{2EAF6E7A-4FB7-446B-9BB5-9A5EB2403DA0}.Debug|Any CPU.Build.0 = Debug|Any CPU
		{2EAF6E7A-4FB7-446B-9BB5-9A5EB2403DA0}.Release|Any CPU.ActiveCfg = Release|Any CPU
		{2EAF6E7A-4FB7-446B-9BB5-9A5EB2403DA0}.Release|Any CPU.Build.0 = Release|Any CPU
	EndGlobalSection
	GlobalSection(SolutionProperties) = preSolution
		HideSolutionNode = FALSE
	EndGlobalSection
	GlobalSection(ExtensibilityGlobals) = postSolution
		SolutionGuid = {467293C3-F9F0-4D85-BA50-14B077A4A7B4}
	EndGlobalSection
EndGlobal
