
Microsoft Visual Studio Solution File, Format Version 12.00
# Visual Studio Version 16
VisualStudioVersion = 16.0.30503.244
MinimumVisualStudioVersion = 10.0.40219.1
Project("{FAE04EC0-301F-11D3-BF4B-00C04F79EFBC}") = "Week10", "Week10\Week10.csproj", "{99136609-4BE7-4705-A529-5487786C155C}"
EndProject
Global
	GlobalSection(SolutionConfigurationPlatforms) = preSolution
		Debug|Any CPU = Debug|Any CPU
		Release|Any CPU = Release|Any CPU
	EndGlobalSection
	GlobalSection(ProjectConfigurationPlatforms) = postSolution
		{99136609-4BE7-4705-A529-5487786C155C}.Debug|Any CPU.ActiveCfg = Debug|Any CPU
		{99136609-4BE7-4705-A529-5487786C155C}.Debug|Any CPU.Build.0 = Debug|Any CPU
		{99136609-4BE7-4705-A529-5487786C155C}.Release|Any CPU.ActiveCfg = Release|Any CPU
		{99136609-4BE7-4705-A529-5487786C155C}.Release|Any CPU.Build.0 = Release|Any CPU
	EndGlobalSection
	GlobalSection(SolutionProperties) = preSolution
		HideSolutionNode = FALSE
	EndGlobalSection
	GlobalSection(ExtensibilityGlobals) = postSolution
		SolutionGuid = {64A80840-1360-481B-AD8E-99F69B476964}
	EndGlobalSection
EndGlobal
